
Microsoft Visual Studio Solution File, Format Version 12.00
# Visual Studio Version 16
VisualStudioVersion = 16.0.30114.105
MinimumVisualStudioVersion = 10.0.40219.1
Project("{FAE04EC0-301F-11D3-BF4B-00C04F79EFBC}") = "API", "API\API.csproj", "{4027D63D-F404-41B9-AB9B-BB8AA1ED8A53}"
EndProject
Project("{FAE04EC0-301F-11D3-BF4B-00C04F79EFBC}") = "Application", "Application\Application.csproj", "{DA7FFF20-817C-4EEB-BAD2-6377ACC41C37}"
EndProject
Project("{FAE04EC0-301F-11D3-BF4B-00C04F79EFBC}") = "Persistence", "Persistence\Persistence.csproj", "{B4DFBB71-A9E8-4165-8769-B0F123F0626F}"
EndProject
Project("{FAE04EC0-301F-11D3-BF4B-00C04F79EFBC}") = "Domain", "Domain\Domain.csproj", "{D6F49262-C2A2-402A-987E-D5EE1AE2DEE3}"
EndProject
Global
	GlobalSection(SolutionConfigurationPlatforms) = preSolution
		Debug|Any CPU = Debug|Any CPU
		Debug|x64 = Debug|x64
		Debug|x86 = Debug|x86
		Release|Any CPU = Release|Any CPU
		Release|x64 = Release|x64
		Release|x86 = Release|x86
	EndGlobalSection
	GlobalSection(SolutionProperties) = preSolution
		HideSolutionNode = FALSE
	EndGlobalSection
	GlobalSection(ProjectConfigurationPlatforms) = postSolution
		{4027D63D-F404-41B9-AB9B-BB8AA1ED8A53}.Debug|Any CPU.ActiveCfg = Debug|Any CPU
		{4027D63D-F404-41B9-AB9B-BB8AA1ED8A53}.Debug|Any CPU.Build.0 = Debug|Any CPU
		{4027D63D-F404-41B9-AB9B-BB8AA1ED8A53}.Debug|x64.ActiveCfg = Debug|Any CPU
		{4027D63D-F404-41B9-AB9B-BB8AA1ED8A53}.Debug|x64.Build.0 = Debug|Any CPU
		{4027D63D-F404-41B9-AB9B-BB8AA1ED8A53}.Debug|x86.ActiveCfg = Debug|Any CPU
		{4027D63D-F404-41B9-AB9B-BB8AA1ED8A53}.Debug|x86.Build.0 = Debug|Any CPU
		{4027D63D-F404-41B9-AB9B-BB8AA1ED8A53}.Release|Any CPU.ActiveCfg = Release|Any CPU
		{4027D63D-F404-41B9-AB9B-BB8AA1ED8A53}.Release|Any CPU.Build.0 = Release|Any CPU
		{4027D63D-F404-41B9-AB9B-BB8AA1ED8A53}.Release|x64.ActiveCfg = Release|Any CPU
		{4027D63D-F404-41B9-AB9B-BB8AA1ED8A53}.Release|x64.Build.0 = Release|Any CPU
		{4027D63D-F404-41B9-AB9B-BB8AA1ED8A53}.Release|x86.ActiveCfg = Release|Any CPU
		{4027D63D-F404-41B9-AB9B-BB8AA1ED8A53}.Release|x86.Build.0 = Release|Any CPU
		{DA7FFF20-817C-4EEB-BAD2-6377ACC41C37}.Debug|Any CPU.ActiveCfg = Debug|Any CPU
		{DA7FFF20-817C-4EEB-BAD2-6377ACC41C37}.Debug|Any CPU.Build.0 = Debug|Any CPU
		{DA7FFF20-817C-4EEB-BAD2-6377ACC41C37}.Debug|x64.ActiveCfg = Debug|Any CPU
		{DA7FFF20-817C-4EEB-BAD2-6377ACC41C37}.Debug|x64.Build.0 = Debug|Any CPU
		{DA7FFF20-817C-4EEB-BAD2-6377ACC41C37}.Debug|x86.ActiveCfg = Debug|Any CPU
		{DA7FFF20-817C-4EEB-BAD2-6377ACC41C37}.Debug|x86.Build.0 = Debug|Any CPU
		{DA7FFF20-817C-4EEB-BAD2-6377ACC41C37}.Release|Any CPU.ActiveCfg = Release|Any CPU
		{DA7FFF20-817C-4EEB-BAD2-6377ACC41C37}.Release|Any CPU.Build.0 = Release|Any CPU
		{DA7FFF20-817C-4EEB-BAD2-6377ACC41C37}.Release|x64.ActiveCfg = Release|Any CPU
		{DA7FFF20-817C-4EEB-BAD2-6377ACC41C37}.Release|x64.Build.0 = Release|Any CPU
		{DA7FFF20-817C-4EEB-BAD2-6377ACC41C37}.Release|x86.ActiveCfg = Release|Any CPU
		{DA7FFF20-817C-4EEB-BAD2-6377ACC41C37}.Release|x86.Build.0 = Release|Any CPU
		{B4DFBB71-A9E8-4165-8769-B0F123F0626F}.Debug|Any CPU.ActiveCfg = Debug|Any CPU
		{B4DFBB71-A9E8-4165-8769-B0F123F0626F}.Debug|Any CPU.Build.0 = Debug|Any CPU
		{B4DFBB71-A9E8-4165-8769-B0F123F0626F}.Debug|x64.ActiveCfg = Debug|Any CPU
		{B4DFBB71-A9E8-4165-8769-B0F123F0626F}.Debug|x64.Build.0 = Debug|Any CPU
		{B4DFBB71-A9E8-4165-8769-B0F123F0626F}.Debug|x86.ActiveCfg = Debug|Any CPU
		{B4DFBB71-A9E8-4165-8769-B0F123F0626F}.Debug|x86.Build.0 = Debug|Any CPU
		{B4DFBB71-A9E8-4165-8769-B0F123F0626F}.Release|Any CPU.ActiveCfg = Release|Any CPU
		{B4DFBB71-A9E8-4165-8769-B0F123F0626F}.Release|Any CPU.Build.0 = Release|Any CPU
		{B4DFBB71-A9E8-4165-8769-B0F123F0626F}.Release|x64.ActiveCfg = Release|Any CPU
		{B4DFBB71-A9E8-4165-8769-B0F123F0626F}.Release|x64.Build.0 = Release|Any CPU
		{B4DFBB71-A9E8-4165-8769-B0F123F0626F}.Release|x86.ActiveCfg = Release|Any CPU
		{B4DFBB71-A9E8-4165-8769-B0F123F0626F}.Release|x86.Build.0 = Release|Any CPU
		{D6F49262-C2A2-402A-987E-D5EE1AE2DEE3}.Debug|Any CPU.ActiveCfg = Debug|Any CPU
		{D6F49262-C2A2-402A-987E-D5EE1AE2DEE3}.Debug|Any CPU.Build.0 = Debug|Any CPU
		{D6F49262-C2A2-402A-987E-D5EE1AE2DEE3}.Debug|x64.ActiveCfg = Debug|Any CPU
		{D6F49262-C2A2-402A-987E-D5EE1AE2DEE3}.Debug|x64.Build.0 = Debug|Any CPU
		{D6F49262-C2A2-402A-987E-D5EE1AE2DEE3}.Debug|x86.ActiveCfg = Debug|Any CPU
		{D6F49262-C2A2-402A-987E-D5EE1AE2DEE3}.Debug|x86.Build.0 = Debug|Any CPU
		{D6F49262-C2A2-402A-987E-D5EE1AE2DEE3}.Release|Any CPU.ActiveCfg = Release|Any CPU
		{D6F49262-C2A2-402A-987E-D5EE1AE2DEE3}.Release|Any CPU.Build.0 = Release|Any CPU
		{D6F49262-C2A2-402A-987E-D5EE1AE2DEE3}.Release|x64.ActiveCfg = Release|Any CPU
		{D6F49262-C2A2-402A-987E-D5EE1AE2DEE3}.Release|x64.Build.0 = Release|Any CPU
		{D6F49262-C2A2-402A-987E-D5EE1AE2DEE3}.Release|x86.ActiveCfg = Release|Any CPU
		{D6F49262-C2A2-402A-987E-D5EE1AE2DEE3}.Release|x86.Build.0 = Release|Any CPU
	EndGlobalSection
EndGlobal
